// !$*UTF8*$!
{
	archiveVersion = 1;
	classes = {
	};
	objectVersion = 46;
	objects = {

/* Begin PBXBuildFile section */
		1D18803F19E9839600E70B7C /* HelpViewController.swift in Sources */ = {isa = PBXBuildFile; fileRef = 1D18803E19E9839600E70B7C /* HelpViewController.swift */; };
		1D3EC0D019E832EF00CD732E /* Untitled.png in Resources */ = {isa = PBXBuildFile; fileRef = 1D3EC0CF19E832EF00CD732E /* Untitled.png */; };
		1DA9EBAB19E6CA30005B8F76 /* AppDelegate.swift in Sources */ = {isa = PBXBuildFile; fileRef = 1DA9EBAA19E6CA30005B8F76 /* AppDelegate.swift */; };
		1DA9EBAD19E6CA30005B8F76 /* ViewController.swift in Sources */ = {isa = PBXBuildFile; fileRef = 1DA9EBAC19E6CA30005B8F76 /* ViewController.swift */; };
		1DA9EBB019E6CA30005B8F76 /* Main.storyboard in Resources */ = {isa = PBXBuildFile; fileRef = 1DA9EBAE19E6CA30005B8F76 /* Main.storyboard */; };
		1DA9EBB219E6CA30005B8F76 /* Images.xcassets in Resources */ = {isa = PBXBuildFile; fileRef = 1DA9EBB119E6CA30005B8F76 /* Images.xcassets */; };
		1DA9EBB519E6CA30005B8F76 /* LaunchScreen.xib in Resources */ = {isa = PBXBuildFile; fileRef = 1DA9EBB319E6CA30005B8F76 /* LaunchScreen.xib */; };
		1DA9EBC119E6CA30005B8F76 /* What2EatTests.swift in Sources */ = {isa = PBXBuildFile; fileRef = 1DA9EBC019E6CA30005B8F76 /* What2EatTests.swift */; };
		1DA9EBCC19E6CB8E005B8F76 /* MainViewController.swift in Sources */ = {isa = PBXBuildFile; fileRef = 1DA9EBCA19E6CB8E005B8F76 /* MainViewController.swift */; };
		1DB0412519EC391900E735A9 /* DetailViewController.swift in Sources */ = {isa = PBXBuildFile; fileRef = 1DB0412419EC391900E735A9 /* DetailViewController.swift */; };
		1DB28A7819E7CA740088D2A5 /* Background.png in Resources */ = {isa = PBXBuildFile; fileRef = 1DB28A7719E7CA740088D2A5 /* Background.png */; };
		1DB950CF19EA251E001FB667 /* Untitled-1.png in Resources */ = {isa = PBXBuildFile; fileRef = 1DB950CE19EA251E001FB667 /* Untitled-1.png */; };
		1DB950D119EA2957001FB667 /* CollectionView.swift in Sources */ = {isa = PBXBuildFile; fileRef = 1DB950D019EA2957001FB667 /* CollectionView.swift */; };
		1DB950D319EA5219001FB667 /* CollectionViewCell.swift in Sources */ = {isa = PBXBuildFile; fileRef = 1DB950D219EA5219001FB667 /* CollectionViewCell.swift */; };
		1DB950D519EA53E5001FB667 /* Resourses.swift in Sources */ = {isa = PBXBuildFile; fileRef = 1DB950D419EA53E5001FB667 /* Resourses.swift */; };
		1DB950D719EA5A52001FB667 /* Add.png in Resources */ = {isa = PBXBuildFile; fileRef = 1DB950D619EA5A52001FB667 /* Add.png */; };
/* End PBXBuildFile section */

/* Begin PBXContainerItemProxy section */
		1DA9EBBB19E6CA30005B8F76 /* PBXContainerItemProxy */ = {
			isa = PBXContainerItemProxy;
			containerPortal = 1DA9EB9D19E6CA30005B8F76 /* Project object */;
			proxyType = 1;
			remoteGlobalIDString = 1DA9EBA419E6CA30005B8F76;
			remoteInfo = What2Eat;
		};
/* End PBXContainerItemProxy section */

/* Begin PBXFileReference section */
		1D18803E19E9839600E70B7C /* HelpViewController.swift */ = {isa = PBXFileReference; fileEncoding = 4; lastKnownFileType = sourcecode.swift; path = HelpViewController.swift; sourceTree = "<group>"; };
		1D3EC0CF19E832EF00CD732E /* Untitled.png */ = {isa = PBXFileReference; lastKnownFileType = image.png; path = Untitled.png; sourceTree = "<group>"; };
		1DA9EBA519E6CA30005B8F76 /* What2Eat.app */ = {isa = PBXFileReference; explicitFileType = wrapper.application; includeInIndex = 0; path = What2Eat.app; sourceTree = BUILT_PRODUCTS_DIR; };
		1DA9EBA919E6CA30005B8F76 /* Info.plist */ = {isa = PBXFileReference; lastKnownFileType = text.plist.xml; path = Info.plist; sourceTree = "<group>"; };
		1DA9EBAA19E6CA30005B8F76 /* AppDelegate.swift */ = {isa = PBXFileReference; lastKnownFileType = sourcecode.swift; path = AppDelegate.swift; sourceTree = "<group>"; };
		1DA9EBAC19E6CA30005B8F76 /* ViewController.swift */ = {isa = PBXFileReference; lastKnownFileType = sourcecode.swift; path = ViewController.swift; sourceTree = "<group>"; };
		1DA9EBAF19E6CA30005B8F76 /* Base */ = {isa = PBXFileReference; lastKnownFileType = file.storyboard; name = Base; path = Base.lproj/Main.storyboard; sourceTree = "<group>"; };
		1DA9EBB119E6CA30005B8F76 /* Images.xcassets */ = {isa = PBXFileReference; lastKnownFileType = folder.assetcatalog; path = Images.xcassets; sourceTree = "<group>"; };
		1DA9EBB419E6CA30005B8F76 /* Base */ = {isa = PBXFileReference; lastKnownFileType = file.xib; name = Base; path = Base.lproj/LaunchScreen.xib; sourceTree = "<group>"; };
		1DA9EBBA19E6CA30005B8F76 /* What2EatTests.xctest */ = {isa = PBXFileReference; explicitFileType = wrapper.cfbundle; includeInIndex = 0; path = What2EatTests.xctest; sourceTree = BUILT_PRODUCTS_DIR; };
		1DA9EBBF19E6CA30005B8F76 /* Info.plist */ = {isa = PBXFileReference; lastKnownFileType = text.plist.xml; path = Info.plist; sourceTree = "<group>"; };
		1DA9EBC019E6CA30005B8F76 /* What2EatTests.swift */ = {isa = PBXFileReference; lastKnownFileType = sourcecode.swift; path = What2EatTests.swift; sourceTree = "<group>"; };
		1DA9EBCA19E6CB8E005B8F76 /* MainViewController.swift */ = {isa = PBXFileReference; fileEncoding = 4; lastKnownFileType = sourcecode.swift; path = MainViewController.swift; sourceTree = "<group>"; };
		1DB0412419EC391900E735A9 /* DetailViewController.swift */ = {isa = PBXFileReference; fileEncoding = 4; lastKnownFileType = sourcecode.swift; path = DetailViewController.swift; sourceTree = "<group>"; };
		1DB28A7719E7CA740088D2A5 /* Background.png */ = {isa = PBXFileReference; lastKnownFileType = image.png; path = Background.png; sourceTree = "<group>"; };
		1DB950CE19EA251E001FB667 /* Untitled-1.png */ = {isa = PBXFileReference; lastKnownFileType = image.png; path = "Untitled-1.png"; sourceTree = "<group>"; };
		1DB950D019EA2957001FB667 /* CollectionView.swift */ = {isa = PBXFileReference; fileEncoding = 4; lastKnownFileType = sourcecode.swift; path = CollectionView.swift; sourceTree = "<group>"; };
		1DB950D219EA5219001FB667 /* CollectionViewCell.swift */ = {isa = PBXFileReference; fileEncoding = 4; lastKnownFileType = sourcecode.swift; path = CollectionViewCell.swift; sourceTree = "<group>"; };
		1DB950D419EA53E5001FB667 /* Resourses.swift */ = {isa = PBXFileReference; fileEncoding = 4; lastKnownFileType = sourcecode.swift; path = Resourses.swift; sourceTree = "<group>"; };
		1DB950D619EA5A52001FB667 /* Add.png */ = {isa = PBXFileReference; lastKnownFileType = image.png; path = Add.png; sourceTree = "<group>"; };
/* End PBXFileReference section */

/* Begin PBXFrameworksBuildPhase section */
		1DA9EBA219E6CA30005B8F76 /* Frameworks */ = {
			isa = PBXFrameworksBuildPhase;
			buildActionMask = 2147483647;
			files = (
			);
			runOnlyForDeploymentPostprocessing = 0;
		};
		1DA9EBB719E6CA30005B8F76 /* Frameworks */ = {
			isa = PBXFrameworksBuildPhase;
			buildActionMask = 2147483647;
			files = (
			);
			runOnlyForDeploymentPostprocessing = 0;
		};
/* End PBXFrameworksBuildPhase section */

/* Begin PBXGroup section */
		1DA9EB9C19E6CA30005B8F76 = {
			isa = PBXGroup;
			children = (
				1DA9EBA719E6CA30005B8F76 /* What2Eat */,
				1DA9EBBD19E6CA30005B8F76 /* What2EatTests */,
				1DA9EBA619E6CA30005B8F76 /* Products */,
			);
			sourceTree = "<group>";
		};
		1DA9EBA619E6CA30005B8F76 /* Products */ = {
			isa = PBXGroup;
			children = (
				1DA9EBA519E6CA30005B8F76 /* What2Eat.app */,
				1DA9EBBA19E6CA30005B8F76 /* What2EatTests.xctest */,
			);
			name = Products;
			sourceTree = "<group>";
		};
		1DA9EBA719E6CA30005B8F76 /* What2Eat */ = {
			isa = PBXGroup;
			children = (
				1DB28A7619E7C9FA0088D2A5 /* Images */,
				1DA9EBAA19E6CA30005B8F76 /* AppDelegate.swift */,
				1DA9EBCA19E6CB8E005B8F76 /* MainViewController.swift */,
				1DB950D219EA5219001FB667 /* CollectionViewCell.swift */,
				1DB950D419EA53E5001FB667 /* Resourses.swift */,
				1D18803E19E9839600E70B7C /* HelpViewController.swift */,
				1DB950D019EA2957001FB667 /* CollectionView.swift */,
				1DA9EBAC19E6CA30005B8F76 /* ViewController.swift */,
				1DB0412419EC391900E735A9 /* DetailViewController.swift */,
				1DA9EBAE19E6CA30005B8F76 /* Main.storyboard */,
				1DA9EBB119E6CA30005B8F76 /* Images.xcassets */,
				1DA9EBB319E6CA30005B8F76 /* LaunchScreen.xib */,
				1DA9EBA819E6CA30005B8F76 /* Supporting Files */,
			);
			path = What2Eat;
			sourceTree = "<group>";
		};
		1DA9EBA819E6CA30005B8F76 /* Supporting Files */ = {
			isa = PBXGroup;
			children = (
				1DA9EBA919E6CA30005B8F76 /* Info.plist */,
			);
			name = "Supporting Files";
			sourceTree = "<group>";
		};
		1DA9EBBD19E6CA30005B8F76 /* What2EatTests */ = {
			isa = PBXGroup;
			children = (
				1DA9EBC019E6CA30005B8F76 /* What2EatTests.swift */,
				1DA9EBBE19E6CA30005B8F76 /* Supporting Files */,
			);
			path = What2EatTests;
			sourceTree = "<group>";
		};
		1DA9EBBE19E6CA30005B8F76 /* Supporting Files */ = {
			isa = PBXGroup;
			children = (
				1DA9EBBF19E6CA30005B8F76 /* Info.plist */,
			);
			name = "Supporting Files";
			sourceTree = "<group>";
		};
		1DB28A7619E7C9FA0088D2A5 /* Images */ = {
			isa = PBXGroup;
			children = (
				1DB950CE19EA251E001FB667 /* Untitled-1.png */,
				1DB950D619EA5A52001FB667 /* Add.png */,
				1D3EC0CF19E832EF00CD732E /* Untitled.png */,
				1DB28A7719E7CA740088D2A5 /* Background.png */,
			);
			name = Images;
			sourceTree = "<group>";
		};
/* End PBXGroup section */

/* Begin PBXNativeTarget section */
		1DA9EBA419E6CA30005B8F76 /* What2Eat */ = {
			isa = PBXNativeTarget;
			buildConfigurationList = 1DA9EBC419E6CA30005B8F76 /* Build configuration list for PBXNativeTarget "What2Eat" */;
			buildPhases = (
				1DA9EBA119E6CA30005B8F76 /* Sources */,
				1DA9EBA219E6CA30005B8F76 /* Frameworks */,
				1DA9EBA319E6CA30005B8F76 /* Resources */,
			);
			buildRules = (
			);
			dependencies = (
			);
			name = What2Eat;
			productName = What2Eat;
			productReference = 1DA9EBA519E6CA30005B8F76 /* What2Eat.app */;
			productType = "com.apple.product-type.application";
		};
		1DA9EBB919E6CA30005B8F76 /* What2EatTests */ = {
			isa = PBXNativeTarget;
			buildConfigurationList = 1DA9EBC719E6CA30005B8F76 /* Build configuration list for PBXNativeTarget "What2EatTests" */;
			buildPhases = (
				1DA9EBB619E6CA30005B8F76 /* Sources */,
				1DA9EBB719E6CA30005B8F76 /* Frameworks */,
				1DA9EBB819E6CA30005B8F76 /* Resources */,
			);
			buildRules = (
			);
			dependencies = (
				1DA9EBBC19E6CA30005B8F76 /* PBXTargetDependency */,
			);
			name = What2EatTests;
			productName = What2EatTests;
			productReference = 1DA9EBBA19E6CA30005B8F76 /* What2EatTests.xctest */;
			productType = "com.apple.product-type.bundle.unit-test";
		};
/* End PBXNativeTarget section */

/* Begin PBXProject section */
		1DA9EB9D19E6CA30005B8F76 /* Project object */ = {
			isa = PBXProject;
			attributes = {
				LastUpgradeCheck = 0610;
				ORGANIZATIONNAME = BillSun;
				TargetAttributes = {
					1DA9EBA419E6CA30005B8F76 = {
						CreatedOnToolsVersion = 6.1;
					};
					1DA9EBB919E6CA30005B8F76 = {
						CreatedOnToolsVersion = 6.1;
						TestTargetID = 1DA9EBA419E6CA30005B8F76;
					};
				};
			};
			buildConfigurationList = 1DA9EBA019E6CA30005B8F76 /* Build configuration list for PBXProject "What2Eat" */;
			compatibilityVersion = "Xcode 3.2";
			developmentRegion = English;
			hasScannedForEncodings = 0;
			knownRegions = (
				en,
				Base,
			);
			mainGroup = 1DA9EB9C19E6CA30005B8F76;
			productRefGroup = 1DA9EBA619E6CA30005B8F76 /* Products */;
			projectDirPath = "";
			projectRoot = "";
			targets = (
				1DA9EBA419E6CA30005B8F76 /* What2Eat */,
				1DA9EBB919E6CA30005B8F76 /* What2EatTests */,
			);
		};
/* End PBXProject section */

/* Begin PBXResourcesBuildPhase section */
		1DA9EBA319E6CA30005B8F76 /* Resources */ = {
			isa = PBXResourcesBuildPhase;
			buildActionMask = 2147483647;
			files = (
				1DA9EBB019E6CA30005B8F76 /* Main.storyboard in Resources */,
				1DB28A7819E7CA740088D2A5 /* Background.png in Resources */,
				1DB950D719EA5A52001FB667 /* Add.png in Resources */,
				1DB950CF19EA251E001FB667 /* Untitled-1.png in Resources */,
				1D3EC0D019E832EF00CD732E /* Untitled.png in Resources */,
				1DA9EBB519E6CA30005B8F76 /* LaunchScreen.xib in Resources */,
				1DA9EBB219E6CA30005B8F76 /* Images.xcassets in Resources */,
			);
			runOnlyForDeploymentPostprocessing = 0;
		};
		1DA9EBB819E6CA30005B8F76 /* Resources */ = {
			isa = PBXResourcesBuildPhase;
			buildActionMask = 2147483647;
			files = (
			);
			runOnlyForDeploymentPostprocessing = 0;
		};
/* End PBXResourcesBuildPhase section */

/* Begin PBXSourcesBuildPhase section */
		1DA9EBA119E6CA30005B8F76 /* Sources */ = {
			isa = PBXSourcesBuildPhase;
			buildActionMask = 2147483647;
			files = (
				1DB950D119EA2957001FB667 /* CollectionView.swift in Sources */,
				1DA9EBCC19E6CB8E005B8F76 /* MainViewController.swift in Sources */,
				1DB950D319EA5219001FB667 /* CollectionViewCell.swift in Sources */,
				1DA9EBAD19E6CA30005B8F76 /* ViewController.swift in Sources */,
				1DB950D519EA53E5001FB667 /* Resourses.swift in Sources */,
				1DA9EBAB19E6CA30005B8F76 /* AppDelegate.swift in Sources */,
				1D18803F19E9839600E70B7C /* HelpViewController.swift in Sources */,
				1DB0412519EC391900E735A9 /* DetailViewController.swift in Sources */,
			);
			runOnlyForDeploymentPostprocessing = 0;
		};
		1DA9EBB619E6CA30005B8F76 /* Sources */ = {
			isa = PBXSourcesBuildPhase;
			buildActionMask = 2147483647;
			files = (
				1DA9EBC119E6CA30005B8F76 /* What2EatTests.swift in Sources */,
			);
			runOnlyForDeploymentPostprocessing = 0;
		};
/* End PBXSourcesBuildPhase section */

/* Begin PBXTargetDependency section */
		1DA9EBBC19E6CA30005B8F76 /* PBXTargetDependency */ = {
			isa = PBXTargetDependency;
			target = 1DA9EBA419E6CA30005B8F76 /* What2Eat */;
			targetProxy = 1DA9EBBB19E6CA30005B8F76 /* PBXContainerItemProxy */;
		};
/* End PBXTargetDependency section */

/* Begin PBXVariantGroup section */
		1DA9EBAE19E6CA30005B8F76 /* Main.storyboard */ = {
			isa = PBXVariantGroup;
			children = (
				1DA9EBAF19E6CA30005B8F76 /* Base */,
			);
			name = Main.storyboard;
			sourceTree = "<group>";
		};
		1DA9EBB319E6CA30005B8F76 /* LaunchScreen.xib */ = {
			isa = PBXVariantGroup;
			children = (
				1DA9EBB419E6CA30005B8F76 /* Base */,
			);
			name = LaunchScreen.xib;
			sourceTree = "<group>";
		};
/* End PBXVariantGroup section */

/* Begin XCBuildConfiguration section */
		1DA9EBC219E6CA30005B8F76 /* Debug */ = {
			isa = XCBuildConfiguration;
			buildSettings = {
				ALWAYS_SEARCH_USER_PATHS = NO;
				CLANG_CXX_LANGUAGE_STANDARD = "gnu++0x";
				CLANG_CXX_LIBRARY = "libc++";
				CLANG_ENABLE_MODULES = YES;
				CLANG_ENABLE_OBJC_ARC = YES;
				CLANG_WARN_BOOL_CONVERSION = YES;
				CLANG_WARN_CONSTANT_CONVERSION = YES;
				CLANG_WARN_DIRECT_OBJC_ISA_USAGE = YES_ERROR;
				CLANG_WARN_EMPTY_BODY = YES;
				CLANG_WARN_ENUM_CONVERSION = YES;
				CLANG_WARN_INT_CONVERSION = YES;
				CLANG_WARN_OBJC_ROOT_CLASS = YES_ERROR;
				CLANG_WARN_UNREACHABLE_CODE = YES;
				CLANG_WARN__DUPLICATE_METHOD_MATCH = YES;
				"CODE_SIGN_IDENTITY[sdk=iphoneos*]" = "iPhone Developer";
				COPY_PHASE_STRIP = NO;
				ENABLE_STRICT_OBJC_MSGSEND = YES;
				GCC_C_LANGUAGE_STANDARD = gnu99;
				GCC_DYNAMIC_NO_PIC = NO;
				GCC_OPTIMIZATION_LEVEL = 0;
				GCC_PREPROCESSOR_DEFINITIONS = (
					"DEBUG=1",
					"$(inherited)",
				);
				GCC_SYMBOLS_PRIVATE_EXTERN = NO;
				GCC_WARN_64_TO_32_BIT_CONVERSION = YES;
				GCC_WARN_ABOUT_RETURN_TYPE = YES_ERROR;
				GCC_WARN_UNDECLARED_SELECTOR = YES;
				GCC_WARN_UNINITIALIZED_AUTOS = YES_AGGRESSIVE;
				GCC_WARN_UNUSED_FUNCTION = YES;
				GCC_WARN_UNUSED_VARIABLE = YES;
				IPHONEOS_DEPLOYMENT_TARGET = 8.1;
				MTL_ENABLE_DEBUG_INFO = YES;
				ONLY_ACTIVE_ARCH = YES;
				SDKROOT = iphoneos;
				SWIFT_OPTIMIZATION_LEVEL = "-Onone";
				TARGETED_DEVICE_FAMILY = "1,2";
			};
			name = Debug;
		};
		1DA9EBC319E6CA30005B8F76 /* Release */ = {
			isa = XCBuildConfiguration;
			buildSettings = {
				ALWAYS_SEARCH_USER_PATHS = NO;
				CLANG_CXX_LANGUAGE_STANDARD = "gnu++0x";
				CLANG_CXX_LIBRARY = "libc++";
				CLANG_ENABLE_MODULES = YES;
				CLANG_ENABLE_OBJC_ARC = YES;
				CLANG_WARN_BOOL_CONVERSION = YES;
				CLANG_WARN_CONSTANT_CONVERSION = YES;
				CLANG_WARN_DIRECT_OBJC_ISA_USAGE = YES_ERROR;
				CLANG_WARN_EMPTY_BODY = YES;
				CLANG_WARN_ENUM_CONVERSION = YES;
				CLANG_WARN_INT_CONVERSION = YES;
				CLANG_WARN_OBJC_ROOT_CLASS = YES_ERROR;
				CLANG_WARN_UNREACHABLE_CODE = YES;
				CLANG_WARN__DUPLICATE_METHOD_MATCH = YES;
				"CODE_SIGN_IDENTITY[sdk=iphoneos*]" = "iPhone Developer";
				COPY_PHASE_STRIP = YES;
				ENABLE_NS_ASSERTIONS = NO;
				ENABLE_STRICT_OBJC_MSGSEND = YES;
				GCC_C_LANGUAGE_STANDARD = gnu99;
				GCC_WARN_64_TO_32_BIT_CONVERSION = YES;
				GCC_WARN_ABOUT_RETURN_TYPE = YES_ERROR;
				GCC_WARN_UNDECLARED_SELECTOR = YES;
				GCC_WARN_UNINITIALIZED_AUTOS = YES_AGGRESSIVE;
				GCC_WARN_UNUSED_FUNCTION = YES;
				GCC_WARN_UNUSED_VARIABLE = YES;
				IPHONEOS_DEPLOYMENT_TARGET = 8.1;
				MTL_ENABLE_DEBUG_INFO = NO;
				SDKROOT = iphoneos;
				TARGETED_DEVICE_FAMILY = "1,2";
				VALIDATE_PRODUCT = YES;
			};
			name = Release;
		};
		1DA9EBC519E6CA30005B8F76 /* Debug */ = {
			isa = XCBuildConfiguration;
			buildSettings = {
				ASSETCATALOG_COMPILER_APPICON_NAME = AppIcon;
				INFOPLIST_FILE = What2Eat/Info.plist;
				LD_RUNPATH_SEARCH_PATHS = "$(inherited) @executable_path/Frameworks";
				PRODUCT_NAME = "$(TARGET_NAME)";
			};
			name = Debug;
		};
		1DA9EBC619E6CA30005B8F76 /* Release */ = {
			isa = XCBuildConfiguration;
			buildSettings = {
				ASSETCATALOG_COMPILER_APPICON_NAME = AppIcon;
				INFOPLIST_FILE = What2Eat/Info.plist;
				LD_RUNPATH_SEARCH_PATHS = "$(inherited) @executable_path/Frameworks";
				PRODUCT_NAME = "$(TARGET_NAME)";
			};
			name = Release;
		};
		1DA9EBC819E6CA30005B8F76 /* Debug */ = {
			isa = XCBuildConfiguration;
			buildSettings = {
				BUNDLE_LOADER = "$(TEST_HOST)";
				FRAMEWORK_SEARCH_PATHS = (
					"$(SDKROOT)/Developer/Library/Frameworks",
					"$(inherited)",
				);
				GCC_PREPROCESSOR_DEFINITIONS = (
					"DEBUG=1",
					"$(inherited)",
				);
				INFOPLIST_FILE = What2EatTests/Info.plist;
				LD_RUNPATH_SEARCH_PATHS = "$(inherited) @executable_path/Frameworks @loader_path/Frameworks";
				PRODUCT_NAME = "$(TARGET_NAME)";
				TEST_HOST = "$(BUILT_PRODUCTS_DIR)/What2Eat.app/What2Eat";
			};
			name = Debug;
		};
		1DA9EBC919E6CA30005B8F76 /* Release */ = {
			isa = XCBuildConfiguration;
			buildSettings = {
				BUNDLE_LOADER = "$(TEST_HOST)";
				FRAMEWORK_SEARCH_PATHS = (
					"$(SDKROOT)/Developer/Library/Frameworks",
					"$(inherited)",
				);
				INFOPLIST_FILE = What2EatTests/Info.plist;
				LD_RUNPATH_SEARCH_PATHS = "$(inherited) @executable_path/Frameworks @loader_path/Frameworks";
				PRODUCT_NAME = "$(TARGET_NAME)";
				TEST_HOST = "$(BUILT_PRODUCTS_DIR)/What2Eat.app/What2Eat";
			};
			name = Release;
		};
/* End XCBuildConfiguration section */

/* Begin XCConfigurationList section */
		1DA9EBA019E6CA30005B8F76 /* Build configuration list for PBXProject "What2Eat" */ = {
			isa = XCConfigurationList;
			buildConfigurations = (
				1DA9EBC219E6CA30005B8F76 /* Debug */,
				1DA9EBC319E6CA30005B8F76 /* Release */,
			);
			defaultConfigurationIsVisible = 0;
			defaultConfigurationName = Release;
		};
		1DA9EBC419E6CA30005B8F76 /* Build configuration list for PBXNativeTarget "What2Eat" */ = {
			isa = XCConfigurationList;
			buildConfigurations = (
				1DA9EBC519E6CA30005B8F76 /* Debug */,
				1DA9EBC619E6CA30005B8F76 /* Release */,
			);
			defaultConfigurationIsVisible = 0;
			defaultConfigurationName = Release;
		};
		1DA9EBC719E6CA30005B8F76 /* Build configuration list for PBXNativeTarget "What2EatTests" */ = {
			isa = XCConfigurationList;
			buildConfigurations = (
				1DA9EBC819E6CA30005B8F76 /* Debug */,
				1DA9EBC919E6CA30005B8F76 /* Release */,
			);
			defaultConfigurationIsVisible = 0;
			defaultConfigurationName = Release;
		};
/* End XCConfigurationList section */
	};
	rootObject = 1DA9EB9D19E6CA30005B8F76 /* Project object */;
}
